
Microsoft Visual Studio Solution File, Format Version 12.00
# Visual Studio Version 17
VisualStudioVersion = 17.5.002.0
MinimumVisualStudioVersion = 10.0.40219.1
Project("{9A19103F-16F7-4668-BE54-9A1E7A4F7556}") = "testi", "testi.csproj", "{D6974158-7281-4EF9-B8DB-C0898AB457E8}"
EndProject
Global
	GlobalSection(SolutionConfigurationPlatforms) = preSolution
		Debug|Any CPU = Debug|Any CPU
		Release|Any CPU = Release|Any CPU
	EndGlobalSection
	GlobalSection(ProjectConfigurationPlatforms) = postSolution
		{D6974158-7281-4EF9-B8DB-C0898AB457E8}.Debug|Any CPU.ActiveCfg = Debug|Any CPU
		{D6974158-7281-4EF9-B8DB-C0898AB457E8}.Debug|Any CPU.Build.0 = Debug|Any CPU
		{D6974158-7281-4EF9-B8DB-C0898AB457E8}.Release|Any CPU.ActiveCfg = Release|Any CPU
		{D6974158-7281-4EF9-B8DB-C0898AB457E8}.Release|Any CPU.Build.0 = Release|Any CPU
	EndGlobalSection
	GlobalSection(SolutionProperties) = preSolution
		HideSolutionNode = FALSE
	EndGlobalSection
	GlobalSection(ExtensibilityGlobals) = postSolution
		SolutionGuid = {27A47214-C72C-4686-85D3-E99F0833266F}
	EndGlobalSection
EndGlobal
